
Microsoft Visual Studio Solution File, Format Version 12.00
# Visual Studio Version 17
VisualStudioVersion = 17.3.32922.545
MinimumVisualStudioVersion = 10.0.40219.1
Project("{9A19103F-16F7-4668-BE54-9A1E7A4F7556}") = "NLayer.Core", "NLayer.Core\NLayer.Core.csproj", "{2FD66958-6B66-46EF-AE27-EAE712576284}"
EndProject
Project("{9A19103F-16F7-4668-BE54-9A1E7A4F7556}") = "NLayer.Repository", "NLayer.Repository\NLayer.Repository.csproj", "{4C0C2AA0-5474-4225-95CC-B73874D0A656}"
EndProject
Project("{9A19103F-16F7-4668-BE54-9A1E7A4F7556}") = "NLayer.Service", "NLayer.Service\NLayer.Service.csproj", "{AD702163-A96D-4856-B59C-C8F83CDE0E58}"
EndProject
Project("{9A19103F-16F7-4668-BE54-9A1E7A4F7556}") = "NLayer.API", "NLayer.API\NLayer.API.csproj", "{9F97ACA9-6835-4DD5-A4CE-D90768F95966}"
EndProject
Project("{9A19103F-16F7-4668-BE54-9A1E7A4F7556}") = "NLayer.Caching", "NLayer.Caching\NLayer.Caching.csproj", "{2F8DDA1F-CE01-402F-81FE-17F481DC1C92}"
EndProject
Global
	GlobalSection(SolutionConfigurationPlatforms) = preSolution
		Debug|Any CPU = Debug|Any CPU
		Release|Any CPU = Release|Any CPU
	EndGlobalSection
	GlobalSection(ProjectConfigurationPlatforms) = postSolution
		{2FD66958-6B66-46EF-AE27-EAE712576284}.Debug|Any CPU.ActiveCfg = Debug|Any CPU
		{2FD66958-6B66-46EF-AE27-EAE712576284}.Debug|Any CPU.Build.0 = Debug|Any CPU
		{2FD66958-6B66-46EF-AE27-EAE712576284}.Release|Any CPU.ActiveCfg = Release|Any CPU
		{2FD66958-6B66-46EF-AE27-EAE712576284}.Release|Any CPU.Build.0 = Release|Any CPU
		{4C0C2AA0-5474-4225-95CC-B73874D0A656}.Debug|Any CPU.ActiveCfg = Debug|Any CPU
		{4C0C2AA0-5474-4225-95CC-B73874D0A656}.Debug|Any CPU.Build.0 = Debug|Any CPU
		{4C0C2AA0-5474-4225-95CC-B73874D0A656}.Release|Any CPU.ActiveCfg = Release|Any CPU
		{4C0C2AA0-5474-4225-95CC-B73874D0A656}.Release|Any CPU.Build.0 = Release|Any CPU
		{AD702163-A96D-4856-B59C-C8F83CDE0E58}.Debug|Any CPU.ActiveCfg = Debug|Any CPU
		{AD702163-A96D-4856-B59C-C8F83CDE0E58}.Debug|Any CPU.Build.0 = Debug|Any CPU
		{AD702163-A96D-4856-B59C-C8F83CDE0E58}.Release|Any CPU.ActiveCfg = Release|Any CPU
		{AD702163-A96D-4856-B59C-C8F83CDE0E58}.Release|Any CPU.Build.0 = Release|Any CPU
		{9F97ACA9-6835-4DD5-A4CE-D90768F95966}.Debug|Any CPU.ActiveCfg = Debug|Any CPU
		{9F97ACA9-6835-4DD5-A4CE-D90768F95966}.Debug|Any CPU.Build.0 = Debug|Any CPU
		{9F97ACA9-6835-4DD5-A4CE-D90768F95966}.Release|Any CPU.ActiveCfg = Release|Any CPU
		{9F97ACA9-6835-4DD5-A4CE-D90768F95966}.Release|Any CPU.Build.0 = Release|Any CPU
		{2F8DDA1F-CE01-402F-81FE-17F481DC1C92}.Debug|Any CPU.ActiveCfg = Debug|Any CPU
		{2F8DDA1F-CE01-402F-81FE-17F481DC1C92}.Debug|Any CPU.Build.0 = Debug|Any CPU
		{2F8DDA1F-CE01-402F-81FE-17F481DC1C92}.Release|Any CPU.ActiveCfg = Release|Any CPU
		{2F8DDA1F-CE01-402F-81FE-17F481DC1C92}.Release|Any CPU.Build.0 = Release|Any CPU
	EndGlobalSection
	GlobalSection(SolutionProperties) = preSolution
		HideSolutionNode = FALSE
	EndGlobalSection
	GlobalSection(ExtensibilityGlobals) = postSolution
		SolutionGuid = {A519F7E0-EC98-4F95-988E-6525E8773D72}
	EndGlobalSection
EndGlobal
